
Microsoft Visual Studio Solution File, Format Version 12.00
# Visual Studio 2013
VisualStudioVersion = 12.0.31101.0
MinimumVisualStudioVersion = 10.0.40219.1
Project("{8BC9CEB8-8B4A-11D0-8D11-00A0C91BC942}") = "Twenty48", "Twenty48\Twenty48.vcxproj", "{428567B2-641F-491A-912B-7E60F4827A4E}"
EndProject
Global
	GlobalSection(SolutionConfigurationPlatforms) = preSolution
		Debug|Win32 = Debug|Win32
		Release|Win32 = Release|Win32
	EndGlobalSection
	GlobalSection(ProjectConfigurationPlatforms) = postSolution
		{428567B2-641F-491A-912B-7E60F4827A4E}.Debug|Win32.ActiveCfg = Debug|Win32
		{428567B2-641F-491A-912B-7E60F4827A4E}.Debug|Win32.Build.0 = Debug|Win32
		{428567B2-641F-491A-912B-7E60F4827A4E}.Release|Win32.ActiveCfg = Release|Win32
		{428567B2-641F-491A-912B-7E60F4827A4E}.Release|Win32.Build.0 = Release|Win32
	EndGlobalSection
	GlobalSection(SolutionProperties) = preSolution
		HideSolutionNode = FALSE
	EndGlobalSection
EndGlobal
